// !$*UTF8*$!
{
	archiveVersion = 1;
	classes = {
	};
	objectVersion = 46;
	objects = {

/* Begin PBXBuildFile section */
		17188BE51E9B89AB009732FB /* AppDelegate.swift in Sources */ = {isa = PBXBuildFile; fileRef = 17188BE41E9B89AB009732FB /* AppDelegate.swift */; };
		17188BE71E9B89AB009732FB /* ViewController.swift in Sources */ = {isa = PBXBuildFile; fileRef = 17188BE61E9B89AB009732FB /* ViewController.swift */; };
		17188BEA1E9B89AB009732FB /* Main.storyboard in Resources */ = {isa = PBXBuildFile; fileRef = 17188BE81E9B89AB009732FB /* Main.storyboard */; };
		17188BEC1E9B89AB009732FB /* Assets.xcassets in Resources */ = {isa = PBXBuildFile; fileRef = 17188BEB1E9B89AB009732FB /* Assets.xcassets */; };
		17188BEF1E9B89AB009732FB /* LaunchScreen.storyboard in Resources */ = {isa = PBXBuildFile; fileRef = 17188BED1E9B89AB009732FB /* LaunchScreen.storyboard */; };
		17E06B641E9BC39500F68B9C /* SettingsViewController.swift in Sources */ = {isa = PBXBuildFile; fileRef = 17E06B631E9BC39500F68B9C /* SettingsViewController.swift */; };
/* End PBXBuildFile section */

/* Begin PBXFileReference section */
		17188BE11E9B89AB009732FB /* Paint.app */ = {isa = PBXFileReference; explicitFileType = wrapper.application; includeInIndex = 0; path = Paint.app; sourceTree = BUILT_PRODUCTS_DIR; };
		17188BE41E9B89AB009732FB /* AppDelegate.swift */ = {isa = PBXFileReference; lastKnownFileType = sourcecode.swift; path = AppDelegate.swift; sourceTree = "<group>"; };
		17188BE61E9B89AB009732FB /* ViewController.swift */ = {isa = PBXFileReference; lastKnownFileType = sourcecode.swift; path = ViewController.swift; sourceTree = "<group>"; };
		17188BE91E9B89AB009732FB /* Base */ = {isa = PBXFileReference; lastKnownFileType = file.storyboard; name = Base; path = Base.lproj/Main.storyboard; sourceTree = "<group>"; };
		17188BEB1E9B89AB009732FB /* Assets.xcassets */ = {isa = PBXFileReference; lastKnownFileType = folder.assetcatalog; path = Assets.xcassets; sourceTree = "<group>"; };
		17188BEE1E9B89AB009732FB /* Base */ = {isa = PBXFileReference; lastKnownFileType = file.storyboard; name = Base; path = Base.lproj/LaunchScreen.storyboard; sourceTree = "<group>"; };
		17188BF01E9B89AB009732FB /* Info.plist */ = {isa = PBXFileReference; lastKnownFileType = text.plist.xml; path = Info.plist; sourceTree = "<group>"; };
		17E06B631E9BC39500F68B9C /* SettingsViewController.swift */ = {isa = PBXFileReference; fileEncoding = 4; lastKnownFileType = sourcecode.swift; path = SettingsViewController.swift; sourceTree = "<group>"; };
/* End PBXFileReference section */

/* Begin PBXFrameworksBuildPhase section */
		17188BDE1E9B89AB009732FB /* Frameworks */ = {
			isa = PBXFrameworksBuildPhase;
			buildActionMask = 2147483647;
			files = (
			);
			runOnlyForDeploymentPostprocessing = 0;
		};
/* End PBXFrameworksBuildPhase section */

/* Begin PBXGroup section */
		17188BD81E9B89AB009732FB = {
			isa = PBXGroup;
			children = (
				17188BE31E9B89AB009732FB /* Paint */,
				17188BE21E9B89AB009732FB /* Products */,
			);
			sourceTree = "<group>";
		};
		17188BE21E9B89AB009732FB /* Products */ = {
			isa = PBXGroup;
			children = (
				17188BE11E9B89AB009732FB /* Paint.app */,
			);
			name = Products;
			sourceTree = "<group>";
		};
		17188BE31E9B89AB009732FB /* Paint */ = {
			isa = PBXGroup;
			children = (
				17188BE41E9B89AB009732FB /* AppDelegate.swift */,
				17188BE61E9B89AB009732FB /* ViewController.swift */,
				17188BE81E9B89AB009732FB /* Main.storyboard */,
				17188BEB1E9B89AB009732FB /* Assets.xcassets */,
				17188BED1E9B89AB009732FB /* LaunchScreen.storyboard */,
				17188BF01E9B89AB009732FB /* Info.plist */,
				17E06B631E9BC39500F68B9C /* SettingsViewController.swift */,
			);
			path = Paint;
			sourceTree = "<group>";
		};
/* End PBXGroup section */

/* Begin PBXNativeTarget section */
		17188BE01E9B89AB009732FB /* Paint */ = {
			isa = PBXNativeTarget;
			buildConfigurationList = 17188BF31E9B89AB009732FB /* Build configuration list for PBXNativeTarget "Paint" */;
			buildPhases = (
				17188BDD1E9B89AB009732FB /* Sources */,
				17188BDE1E9B89AB009732FB /* Frameworks */,
				17188BDF1E9B89AB009732FB /* Resources */,
			);
			buildRules = (
			);
			dependencies = (
			);
			name = Paint;
			productName = Paint;
			productReference = 17188BE11E9B89AB009732FB /* Paint.app */;
			productType = "com.apple.product-type.application";
		};
/* End PBXNativeTarget section */

/* Begin PBXProject section */
		17188BD91E9B89AB009732FB /* Project object */ = {
			isa = PBXProject;
			attributes = {
				LastSwiftUpdateCheck = 0830;
				LastUpgradeCheck = 0830;
				ORGANIZATIONNAME = Philipp;
				TargetAttributes = {
					17188BE01E9B89AB009732FB = {
						CreatedOnToolsVersion = 8.3;
						DevelopmentTeam = VNTRU48ZSJ;
						ProvisioningStyle = Automatic;
					};
				};
			};
			buildConfigurationList = 17188BDC1E9B89AB009732FB /* Build configuration list for PBXProject "Paint" */;
			compatibilityVersion = "Xcode 3.2";
			developmentRegion = English;
			hasScannedForEncodings = 0;
			knownRegions = (
				en,
				Base,
			);
			mainGroup = 17188BD81E9B89AB009732FB;
			productRefGroup = 17188BE21E9B89AB009732FB /* Products */;
			projectDirPath = "";
			projectRoot = "";
			targets = (
				17188BE01E9B89AB009732FB /* Paint */,
			);
		};
/* End PBXProject section */

/* Begin PBXResourcesBuildPhase section */
		17188BDF1E9B89AB009732FB /* Resources */ = {
			isa = PBXResourcesBuildPhase;
			buildActionMask = 2147483647;
			files = (
				17188BEF1E9B89AB009732FB /* LaunchScreen.storyboard in Resources */,
				17188BEC1E9B89AB009732FB /* Assets.xcassets in Resources */,
				17188BEA1E9B89AB009732FB /* Main.storyboard in Resources */,
			);
			runOnlyForDeploymentPostprocessing = 0;
		};
/* End PBXResourcesBuildPhase section */

/* Begin PBXSourcesBuildPhase section */
		17188BDD1E9B89AB009732FB /* Sources */ = {
			isa = PBXSourcesBuildPhase;
			buildActionMask = 2147483647;
			files = (
				17188BE71E9B89AB009732FB /* ViewController.swift in Sources */,
				17188BE51E9B89AB009732FB /* AppDelegate.swift in Sources */,
				17E06B641E9BC39500F68B9C /* SettingsViewController.swift in Sources */,
			);
			runOnlyForDeploymentPostprocessing = 0;
		};
/* End PBXSourcesBuildPhase section */

/* Begin PBXVariantGroup section */
		17188BE81E9B89AB009732FB /* Main.storyboard */ = {
			isa = PBXVariantGroup;
			children = (
				17188BE91E9B89AB009732FB /* Base */,
			);
			name = Main.storyboard;
			sourceTree = "<group>";
		};
		17188BED1E9B89AB009732FB /* LaunchScreen.storyboard */ = {
			isa = PBXVariantGroup;
			children = (
				17188BEE1E9B89AB009732FB /* Base */,
			);
			name = LaunchScreen.storyboard;
			sourceTree = "<group>";
		};
/* End PBXVariantGroup section */

/* Begin XCBuildConfiguration section */
		17188BF11E9B89AB009732FB /* Debug */ = {
			isa = XCBuildConfiguration;
			buildSettings = {
				ALWAYS_SEARCH_USER_PATHS = NO;
				CLANG_ANALYZER_NONNULL = YES;
				CLANG_ANALYZER_NUMBER_OBJECT_CONVERSION = YES_AGGRESSIVE;
				CLANG_CXX_LANGUAGE_STANDARD = "gnu++0x";
				CLANG_CXX_LIBRARY = "libc++";
				CLANG_ENABLE_MODULES = YES;
				CLANG_ENABLE_OBJC_ARC = YES;
				CLANG_WARN_BOOL_CONVERSION = YES;
				CLANG_WARN_CONSTANT_CONVERSION = YES;
				CLANG_WARN_DIRECT_OBJC_ISA_USAGE = YES_ERROR;
				CLANG_WARN_DOCUMENTATION_COMMENTS = YES;
				CLANG_WARN_EMPTY_BODY = YES;
				CLANG_WARN_ENUM_CONVERSION = YES;
				CLANG_WARN_INFINITE_RECURSION = YES;
				CLANG_WARN_INT_CONVERSION = YES;
				CLANG_WARN_OBJC_ROOT_CLASS = YES_ERROR;
				CLANG_WARN_SUSPICIOUS_MOVE = YES;
				CLANG_WARN_UNREACHABLE_CODE = YES;
				CLANG_WARN__DUPLICATE_METHOD_MATCH = YES;
				"CODE_SIGN_IDENTITY[sdk=iphoneos*]" = "iPhone Developer";
				COPY_PHASE_STRIP = NO;
				DEBUG_INFORMATION_FORMAT = dwarf;
				ENABLE_STRICT_OBJC_MSGSEND = YES;
				ENABLE_TESTABILITY = YES;
				GCC_C_LANGUAGE_STANDARD = gnu99;
				GCC_DYNAMIC_NO_PIC = NO;
				GCC_NO_COMMON_BLOCKS = YES;
				GCC_OPTIMIZATION_LEVEL = 0;
				GCC_PREPROCESSOR_DEFINITIONS = (
					"DEBUG=1",
					"$(inherited)",
				);
				GCC_WARN_64_TO_32_BIT_CONVERSION = YES;
				GCC_WARN_ABOUT_RETURN_TYPE = YES_ERROR;
				GCC_WARN_UNDECLARED_SELECTOR = YES;
				GCC_WARN_UNINITIALIZED_AUTOS = YES_AGGRESSIVE;
				GCC_WARN_UNUSED_FUNCTION = YES;
				GCC_WARN_UNUSED_VARIABLE = YES;
				IPHONEOS_DEPLOYMENT_TARGET = 10.3;
				MTL_ENABLE_DEBUG_INFO = YES;
				ONLY_ACTIVE_ARCH = YES;
				SDKROOT = iphoneos;
				SWIFT_ACTIVE_COMPILATION_CONDITIONS = DEBUG;
				SWIFT_OPTIMIZATION_LEVEL = "-Onone";
				TARGETED_DEVICE_FAMILY = "1,2";
			};
			name = Debug;
		};
		17188BF21E9B89AB009732FB /* Release */ = {
			isa = XCBuildConfiguration;
			buildSettings = {
				ALWAYS_SEARCH_USER_PATHS = NO;
				CLANG_ANALYZER_NONNULL = YES;
				CLANG_ANALYZER_NUMBER_OBJECT_CONVERSION = YES_AGGRESSIVE;
				CLANG_CXX_LANGUAGE_STANDARD = "gnu++0x";
				CLANG_CXX_LIBRARY = "libc++";
				CLANG_ENABLE_MODULES = YES;
				CLANG_ENABLE_OBJC_ARC = YES;
				CLANG_WARN_BOOL_CONVERSION = YES;
				CLANG_WARN_CONSTANT_CONVERSION = YES;
				CLANG_WARN_DIRECT_OBJC_ISA_USAGE = YES_ERROR;
				CLANG_WARN_DOCUMENTATION_COMMENTS = YES;
				CLANG_WARN_EMPTY_BODY = YES;
				CLANG_WARN_ENUM_CONVERSION = YES;
				CLANG_WARN_INFINITE_RECURSION = YES;
				CLANG_WARN_INT_CONVERSION = YES;
				CLANG_WARN_OBJC_ROOT_CLASS = YES_ERROR;
				CLANG_WARN_SUSPICIOUS_MOVE = YES;
				CLANG_WARN_UNREACHABLE_CODE = YES;
				CLANG_WARN__DUPLICATE_METHOD_MATCH = YES;
				"CODE_SIGN_IDENTITY[sdk=iphoneos*]" = "iPhone Developer";
				COPY_PHASE_STRIP = NO;
				DEBUG_INFORMATION_FORMAT = "dwarf-with-dsym";
				ENABLE_NS_ASSERTIONS = NO;
				ENABLE_STRICT_OBJC_MSGSEND = YES;
				GCC_C_LANGUAGE_STANDARD = gnu99;
				GCC_NO_COMMON_BLOCKS = YES;
				GCC_WARN_64_TO_32_BIT_CONVERSION = YES;
				GCC_WARN_ABOUT_RETURN_TYPE = YES_ERROR;
				GCC_WARN_UNDECLARED_SELECTOR = YES;
				GCC_WARN_UNINITIALIZED_AUTOS = YES_AGGRESSIVE;
				GCC_WARN_UNUSED_FUNCTION = YES;
				GCC_WARN_UNUSED_VARIABLE = YES;
				IPHONEOS_DEPLOYMENT_TARGET = 10.3;
				MTL_ENABLE_DEBUG_INFO = NO;
				SDKROOT = iphoneos;
				SWIFT_OPTIMIZATION_LEVEL = "-Owholemodule";
				TARGETED_DEVICE_FAMILY = "1,2";
				VALIDATE_PRODUCT = YES;
			};
			name = Release;
		};
		17188BF41E9B89AB009732FB /* Debug */ = {
			isa = XCBuildConfiguration;
			buildSettings = {
				ASSETCATALOG_COMPILER_APPICON_NAME = AppIcon;
				DEVELOPMENT_TEAM = VNTRU48ZSJ;
				INFOPLIST_FILE = Paint/Info.plist;
				IPHONEOS_DEPLOYMENT_TARGET = 10.2;
				LD_RUNPATH_SEARCH_PATHS = "$(inherited) @executable_path/Frameworks";
				PRODUCT_BUNDLE_IDENTIFIER = com.DHBW.Paint;
				PRODUCT_NAME = "$(TARGET_NAME)";
				SWIFT_VERSION = 3.0;
			};
			name = Debug;
		};
		17188BF51E9B89AB009732FB /* Release */ = {
			isa = XCBuildConfiguration;
			buildSettings = {
				ASSETCATALOG_COMPILER_APPICON_NAME = AppIcon;
				DEVELOPMENT_TEAM = VNTRU48ZSJ;
				INFOPLIST_FILE = Paint/Info.plist;
				IPHONEOS_DEPLOYMENT_TARGET = 10.2;
				LD_RUNPATH_SEARCH_PATHS = "$(inherited) @executable_path/Frameworks";
				PRODUCT_BUNDLE_IDENTIFIER = com.DHBW.Paint;
				PRODUCT_NAME = "$(TARGET_NAME)";
				SWIFT_VERSION = 3.0;
			};
			name = Release;
		};
/* End XCBuildConfiguration section */

/* Begin XCConfigurationList section */
		17188BDC1E9B89AB009732FB /* Build configuration list for PBXProject "Paint" */ = {
			isa = XCConfigurationList;
			buildConfigurations = (
				17188BF11E9B89AB009732FB /* Debug */,
				17188BF21E9B89AB009732FB /* Release */,
			);
			defaultConfigurationIsVisible = 0;
			defaultConfigurationName = Release;
		};
		17188BF31E9B89AB009732FB /* Build configuration list for PBXNativeTarget "Paint" */ = {
			isa = XCConfigurationList;
			buildConfigurations = (
				17188BF41E9B89AB009732FB /* Debug */,
				17188BF51E9B89AB009732FB /* Release */,
			);
			defaultConfigurationIsVisible = 0;
			defaultConfigurationName = Release;
		};
/* End XCConfigurationList section */
	};
	rootObject = 17188BD91E9B89AB009732FB /* Project object */;
}
